
Microsoft Visual Studio Solution File, Format Version 12.00
# Visual Studio Version 18
VisualStudioVersion = 18.6.11822.322 stable
MinimumVisualStudioVersion = 10.0.40219.1
Project("{2150E333-8FDC-42A3-9474-1A3956D46DE8}") = "ApiGateways", "ApiGateways", "{8450CF56-5DC7-366A-AE0A-4A8614F474CF}"
EndProject
Project("{FAE04EC0-301F-11D3-BF4B-00C04F79EFBC}") = "SeoAuto.ApiGateWay", "ApiGateways\SeoAuto.ApiGateWay\SeoAuto.ApiGateWay.csproj", "{39D9C36F-4E74-4913-89E3-D62913D5ABCC}"
EndProject
Project("{2150E333-8FDC-42A3-9474-1A3956D46DE8}") = "Microservices", "Microservices", "{8A367DDA-5161-A942-4F09-60E4726C9306}"
EndProject
Project("{FAE04EC0-301F-11D3-BF4B-00C04F79EFBC}") = "SeoAuto.IdentityService", "Microservices\SeoAuto.IdentityService\SeoAuto.IdentityService.csproj", "{DAA8F101-6C0A-4138-A0B1-E7E9C04265EE}"
EndProject
Project("{2150E333-8FDC-42A3-9474-1A3956D46DE8}") = "BuildingBlocks", "BuildingBlocks", "{7266C4A9-E384-DC00-0EB6-47F6002CFBA7}"
EndProject
Project("{FAE04EC0-301F-11D3-BF4B-00C04F79EFBC}") = "SeoAuto.BuildingBlocks", "BuildingBlocks\SeoAuto.BuildingBlocks\SeoAuto.BuildingBlocks.csproj", "{3C1533C8-4CB0-48FE-813B-E452EF8C2986}"
EndProject
Project("{FAE04EC0-301F-11D3-BF4B-00C04F79EFBC}") = "SeoAuto.AuditService", "Microservices\SeoAuto.AuditService\SeoAuto.AuditService.csproj", "{FDADFC12-6F0D-4921-8D22-8ED2F426AFE9}"
EndProject
Global
	GlobalSection(SolutionConfigurationPlatforms) = preSolution
		Debug|Any CPU = Debug|Any CPU
		Debug|x64 = Debug|x64
		Debug|x86 = Debug|x86
		Release|Any CPU = Release|Any CPU
		Release|x64 = Release|x64
		Release|x86 = Release|x86
	EndGlobalSection
	GlobalSection(ProjectConfigurationPlatforms) = postSolution
		{39D9C36F-4E74-4913-89E3-D62913D5ABCC}.Debug|Any CPU.ActiveCfg = Debug|Any CPU
		{39D9C36F-4E74-4913-89E3-D62913D5ABCC}.Debug|Any CPU.Build.0 = Debug|Any CPU
		{39D9C36F-4E74-4913-89E3-D62913D5ABCC}.Debug|x64.ActiveCfg = Debug|Any CPU
		{39D9C36F-4E74-4913-89E3-D62913D5ABCC}.Debug|x64.Build.0 = Debug|Any CPU
		{39D9C36F-4E74-4913-89E3-D62913D5ABCC}.Debug|x86.ActiveCfg = Debug|Any CPU
		{39D9C36F-4E74-4913-89E3-D62913D5ABCC}.Debug|x86.Build.0 = Debug|Any CPU
		{39D9C36F-4E74-4913-89E3-D62913D5ABCC}.Release|Any CPU.ActiveCfg = Release|Any CPU
		{39D9C36F-4E74-4913-89E3-D62913D5ABCC}.Release|Any CPU.Build.0 = Release|Any CPU
		{39D9C36F-4E74-4913-89E3-D62913D5ABCC}.Release|x64.ActiveCfg = Release|Any CPU
		{39D9C36F-4E74-4913-89E3-D62913D5ABCC}.Release|x64.Build.0 = Release|Any CPU
		{39D9C36F-4E74-4913-89E3-D62913D5ABCC}.Release|x86.ActiveCfg = Release|Any CPU
		{39D9C36F-4E74-4913-89E3-D62913D5ABCC}.Release|x86.Build.0 = Release|Any CPU
		{DAA8F101-6C0A-4138-A0B1-E7E9C04265EE}.Debug|Any CPU.ActiveCfg = Debug|Any CPU
		{DAA8F101-6C0A-4138-A0B1-E7E9C04265EE}.Debug|Any CPU.Build.0 = Debug|Any CPU
		{DAA8F101-6C0A-4138-A0B1-E7E9C04265EE}.Debug|x64.ActiveCfg = Debug|Any CPU
		{DAA8F101-6C0A-4138-A0B1-E7E9C04265EE}.Debug|x64.Build.0 = Debug|Any CPU
		{DAA8F101-6C0A-4138-A0B1-E7E9C04265EE}.Debug|x86.ActiveCfg = Debug|Any CPU
		{DAA8F101-6C0A-4138-A0B1-E7E9C04265EE}.Debug|x86.Build.0 = Debug|Any CPU
		{DAA8F101-6C0A-4138-A0B1-E7E9C04265EE}.Release|Any CPU.ActiveCfg = Release|Any CPU
		{DAA8F101-6C0A-4138-A0B1-E7E9C04265EE}.Release|Any CPU.Build.0 = Release|Any CPU
		{DAA8F101-6C0A-4138-A0B1-E7E9C04265EE}.Release|x64.ActiveCfg = Release|Any CPU
		{DAA8F101-6C0A-4138-A0B1-E7E9C04265EE}.Release|x64.Build.0 = Release|Any CPU
		{DAA8F101-6C0A-4138-A0B1-E7E9C04265EE}.Release|x86.ActiveCfg = Release|Any CPU
		{DAA8F101-6C0A-4138-A0B1-E7E9C04265EE}.Release|x86.Build.0 = Release|Any CPU
		{3C1533C8-4CB0-48FE-813B-E452EF8C2986}.Debug|Any CPU.ActiveCfg = Debug|Any CPU
		{3C1533C8-4CB0-48FE-813B-E452EF8C2986}.Debug|Any CPU.Build.0 = Debug|Any CPU
		{3C1533C8-4CB0-48FE-813B-E452EF8C2986}.Debug|x64.ActiveCfg = Debug|Any CPU
		{3C1533C8-4CB0-48FE-813B-E452EF8C2986}.Debug|x64.Build.0 = Debug|Any CPU
		{3C1533C8-4CB0-48FE-813B-E452EF8C2986}.Debug|x86.ActiveCfg = Debug|Any CPU
		{3C1533C8-4CB0-48FE-813B-E452EF8C2986}.Debug|x86.Build.0 = Debug|Any CPU
		{3C1533C8-4CB0-48FE-813B-E452EF8C2986}.Release|Any CPU.ActiveCfg = Release|Any CPU
		{3C1533C8-4CB0-48FE-813B-E452EF8C2986}.Release|Any CPU.Build.0 = Release|Any CPU
		{3C1533C8-4CB0-48FE-813B-E452EF8C2986}.Release|x64.ActiveCfg = Release|Any CPU
		{3C1533C8-4CB0-48FE-813B-E452EF8C2986}.Release|x64.Build.0 = Release|Any CPU
		{3C1533C8-4CB0-48FE-813B-E452EF8C2986}.Release|x86.ActiveCfg = Release|Any CPU
		{3C1533C8-4CB0-48FE-813B-E452EF8C2986}.Release|x86.Build.0 = Release|Any CPU
		{FDADFC12-6F0D-4921-8D22-8ED2F426AFE9}.Debug|Any CPU.ActiveCfg = Debug|Any CPU
		{FDADFC12-6F0D-4921-8D22-8ED2F426AFE9}.Debug|Any CPU.Build.0 = Debug|Any CPU
		{FDADFC12-6F0D-4921-8D22-8ED2F426AFE9}.Debug|x64.ActiveCfg = Debug|Any CPU
		{FDADFC12-6F0D-4921-8D22-8ED2F426AFE9}.Debug|x64.Build.0 = Debug|Any CPU
		{FDADFC12-6F0D-4921-8D22-8ED2F426AFE9}.Debug|x86.ActiveCfg = Debug|Any CPU
		{FDADFC12-6F0D-4921-8D22-8ED2F426AFE9}.Debug|x86.Build.0 = Debug|Any CPU
		{FDADFC12-6F0D-4921-8D22-8ED2F426AFE9}.Release|Any CPU.ActiveCfg = Release|Any CPU
		{FDADFC12-6F0D-4921-8D22-8ED2F426AFE9}.Release|Any CPU.Build.0 = Release|Any CPU
		{FDADFC12-6F0D-4921-8D22-8ED2F426AFE9}.Release|x64.ActiveCfg = Release|Any CPU
		{FDADFC12-6F0D-4921-8D22-8ED2F426AFE9}.Release|x64.Build.0 = Release|Any CPU
		{FDADFC12-6F0D-4921-8D22-8ED2F426AFE9}.Release|x86.ActiveCfg = Release|Any CPU
		{FDADFC12-6F0D-4921-8D22-8ED2F426AFE9}.Release|x86.Build.0 = Release|Any CPU
	EndGlobalSection
	GlobalSection(SolutionProperties) = preSolution
		HideSolutionNode = FALSE
	EndGlobalSection
	GlobalSection(NestedProjects) = preSolution
		{39D9C36F-4E74-4913-89E3-D62913D5ABCC} = {8450CF56-5DC7-366A-AE0A-4A8614F474CF}
		{DAA8F101-6C0A-4138-A0B1-E7E9C04265EE} = {8A367DDA-5161-A942-4F09-60E4726C9306}
		{3C1533C8-4CB0-48FE-813B-E452EF8C2986} = {7266C4A9-E384-DC00-0EB6-47F6002CFBA7}
		{FDADFC12-6F0D-4921-8D22-8ED2F426AFE9} = {8A367DDA-5161-A942-4F09-60E4726C9306}
	EndGlobalSection
	GlobalSection(ExtensibilityGlobals) = postSolution
		SolutionGuid = {64E93026-91F2-4E15-9238-F48A59DBB858}
	EndGlobalSection
EndGlobal
